# This file was autogenerated by Stack.
# You should not edit this file by hand.
# For more information, please see the documentation at:
#   https://docs.haskellstack.org/en/stable/lock_files

packages: []
snapshots:
- completed:
    sha256: aa35a270aac57cf98a7f9d99348958fcc9c1e104b1591e79de3524711b02a3b1
    size: 620478
    url: https://raw.githubusercontent.com/commercialhaskell/stackage-snapshots/master/nightly/2024/12/26.yaml
  original: nightly-2024-12-26
